# This file is automatically @generated by Cargo.
# It is not intended for manual editing.
version = 3

[[package]]
name = "day_temp"
version = "0.1.0"
dependencies = [
 "galm",
]

[[package]]
name = "galm"
version = "0.2.4"
source = "registry+https://github.com/rust-lang/crates.io-index"
checksum = "4cdd817f1110cdfdfe8fa27d035b0b3bd2b1e8be36cdb0374712ae4e60da847e"
